{
  "name": "eml-cli",
  "version": "0.0.1",
  "lockfileVersion": 1,
  "requires": true,
  "dependencies": {
    "commander": {
      "version": "2.14.1",
      "resolved": "https://registry.npmjs.org/commander/-/commander-2.14.1.tgz",
      "integrity": "sha512-+YR16o3rK53SmWHU3rEM3tPAh2rwb1yPcQX5irVn7mb0gXbwuCCrnkbV5+PBfETdfg1vui07nM6PCG1zndcjQw=="
    },
    "eml": {
      "version": "0.0.100",
      "resolved": "https://registry.npmjs.org/eml/-/eml-0.0.100.tgz",
      "integrity": "sha512-zFOkHZTRMrGeuEOJyA2J3Jj/FMbfjD6vYeTk6x3CgPHrGZhYlzLumJpHdrsJhz1wZTnA7oI4+OIwA6P/zXEKnQ==",
      "requires": {
        "eml-core": "0.0.101"
      }
    },
    "eml-core": {
      "version": "0.0.101",
      "resolved": "https://registry.npmjs.org/eml-core/-/eml-core-0.0.101.tgz",
      "integrity": "sha512-ab4BypdLZTtde/Jdi8FxW6jg4vkgan21welcFG5Az4uYbkKD2KYkG/a+W9GPldGNi8JODvr6en8TJBeZmeT1zw=="
    }
  }
}
