{
  "name": "eml-cli",
  "version": "0.0.105",
  "lockfileVersion": 1,
  "requires": true,
  "dependencies": {
    "commander": {
      "version": "2.14.1",
      "resolved": "https://registry.npmjs.org/commander/-/commander-2.14.1.tgz",
      "integrity": "sha512-+YR16o3rK53SmWHU3rEM3tPAh2rwb1yPcQX5irVn7mb0gXbwuCCrnkbV5+PBfETdfg1vui07nM6PCG1zndcjQw=="
    },
    "eml": {
      "version": "0.0.104",
      "resolved": "https://registry.npmjs.org/eml/-/eml-0.0.104.tgz",
      "integrity": "sha512-N/NAL7mhv5mtuYOMgFOEAcOJa0xDwyR7LiFg7hYaNBVwziVSRxhDDTShVuM7PVFwRzveNycn4o4+BPEfsDtRiw=="
    }
  }
}
